{
  "name": "svelte-app",
  "version": "1.0.0",
  "lockfileVersion": 1,
  "requires": true,
  "dependencies": {
    "@rollup/plugin-dsv": {
      "version": "2.0.0",
      "resolved": "https://registry.npmjs.org/@rollup/plugin-dsv/-/plugin-dsv-2.0.0.tgz",
      "integrity": "sha512-a6dCI8ECGWctLZ6ftMTUfpuVmALFLPI8DlbuLWISn4FASHQJFJUclGAMLkA8BGUXuYdWQD0GI06dCamWTqNw0w==",
      "dev": true,
      "requires": {
        "d3-dsv": "^0.1.14",
        "rollup-pluginutils": "^2.8.2",
        "tosource": "^1.0.0"
      }
    },
    "d3-dsv": {
      "version": "0.1.14",
      "resolved": "https://registry.npmjs.org/d3-dsv/-/d3-dsv-0.1.14.tgz",
      "integrity": "sha1-mDPNYaWj6B4DJjoc54903lah27g=",
      "dev": true
    },
    "estree-walker": {
      "version": "0.6.1",
      "resolved": "https://registry.npmjs.org/estree-walker/-/estree-walker-0.6.1.tgz",
      "integrity": "sha512-SqmZANLWS0mnatqbSfRP5g8OXZC12Fgg1IwNtLsyHDzJizORW4khDfjPqJZsemPWBB2uqykUah5YpQ6epsqC/w==",
      "dev": true
    },
    "rollup-pluginutils": {
      "version": "2.8.2",
      "resolved": "https://registry.npmjs.org/rollup-pluginutils/-/rollup-pluginutils-2.8.2.tgz",
      "integrity": "sha512-EEp9NhnUkwY8aif6bxgovPHMoMoNr2FulJziTndpt5H9RdwC47GSGuII9XxpSdzVGM0GWrNPHV6ie1LTNJPaLQ==",
      "dev": true,
      "requires": {
        "estree-walker": "^0.6.1"
      }
    },
    "tosource": {
      "version": "1.0.0",
      "resolved": "https://registry.npmjs.org/tosource/-/tosource-1.0.0.tgz",
      "integrity": "sha1-QtiN0RZhi88A1hBt1URvNCeQL/E=",
      "dev": true
    }
  }
}
